
Microsoft Visual Studio Solution File, Format Version 12.00
# Visual Studio 15
VisualStudioVersion = 15.0.28010.2036
MinimumVisualStudioVersion = 10.0.40219.1
Project("{FAE04EC0-301F-11D3-BF4B-00C04F79EFBC}") = "eeneyMeeneyMineyMoe", "eeneyMeeneyMineyMoe\eeneyMeeneyMineyMoe.csproj", "{7A61349D-44E6-4FC7-B325-52C6CF475E69}"
EndProject
Project("{2150E333-8FDC-42A3-9474-1A3956D46DE8}") = "Solution Items", "Solution Items", "{E38B1710-93DD-4159-89BE-2718B8C3CDBB}"
	ProjectSection(SolutionItems) = preProject
		Readme.md = Readme.md
	EndProjectSection
EndProject
Project("{FAE04EC0-301F-11D3-BF4B-00C04F79EFBC}") = "eeneyMeeneyMineyMoeTests", "eeneyMeeneyMineyMoeTests\eeneyMeeneyMineyMoeTests.csproj", "{A6B2FD44-2E1C-40DE-92A2-4D4B2BB5BA9F}"
EndProject
Global
	GlobalSection(SolutionConfigurationPlatforms) = preSolution
		Debug|Any CPU = Debug|Any CPU
		Release|Any CPU = Release|Any CPU
	EndGlobalSection
	GlobalSection(ProjectConfigurationPlatforms) = postSolution
		{7A61349D-44E6-4FC7-B325-52C6CF475E69}.Debug|Any CPU.ActiveCfg = Debug|Any CPU
		{7A61349D-44E6-4FC7-B325-52C6CF475E69}.Debug|Any CPU.Build.0 = Debug|Any CPU
		{7A61349D-44E6-4FC7-B325-52C6CF475E69}.Release|Any CPU.ActiveCfg = Release|Any CPU
		{7A61349D-44E6-4FC7-B325-52C6CF475E69}.Release|Any CPU.Build.0 = Release|Any CPU
		{A6B2FD44-2E1C-40DE-92A2-4D4B2BB5BA9F}.Debug|Any CPU.ActiveCfg = Debug|Any CPU
		{A6B2FD44-2E1C-40DE-92A2-4D4B2BB5BA9F}.Debug|Any CPU.Build.0 = Debug|Any CPU
		{A6B2FD44-2E1C-40DE-92A2-4D4B2BB5BA9F}.Release|Any CPU.ActiveCfg = Release|Any CPU
		{A6B2FD44-2E1C-40DE-92A2-4D4B2BB5BA9F}.Release|Any CPU.Build.0 = Release|Any CPU
	EndGlobalSection
	GlobalSection(SolutionProperties) = preSolution
		HideSolutionNode = FALSE
	EndGlobalSection
	GlobalSection(ExtensibilityGlobals) = postSolution
		SolutionGuid = {98EC9D77-DC8B-4108-A306-3ED512839978}
	EndGlobalSection
EndGlobal
