
Microsoft Visual Studio Solution File, Format Version 12.00
# Visual Studio 15
VisualStudioVersion = 15.0.28010.2036
MinimumVisualStudioVersion = 10.0.40219.1
Project("{FAE04EC0-301F-11D3-BF4B-00C04F79EFBC}") = "treeIntersection", "treeIntersection\treeIntersection.csproj", "{AD4641FF-79FE-4F4C-9063-659C9597927D}"
EndProject
Project("{FAE04EC0-301F-11D3-BF4B-00C04F79EFBC}") = "treeIntersectionTests", "treeIntersectionTests\treeIntersectionTests.csproj", "{45225032-0A5D-441C-9939-D2D36DA7A4C0}"
EndProject
Global
	GlobalSection(SolutionConfigurationPlatforms) = preSolution
		Debug|Any CPU = Debug|Any CPU
		Release|Any CPU = Release|Any CPU
	EndGlobalSection
	GlobalSection(ProjectConfigurationPlatforms) = postSolution
		{AD4641FF-79FE-4F4C-9063-659C9597927D}.Debug|Any CPU.ActiveCfg = Debug|Any CPU
		{AD4641FF-79FE-4F4C-9063-659C9597927D}.Debug|Any CPU.Build.0 = Debug|Any CPU
		{AD4641FF-79FE-4F4C-9063-659C9597927D}.Release|Any CPU.ActiveCfg = Release|Any CPU
		{AD4641FF-79FE-4F4C-9063-659C9597927D}.Release|Any CPU.Build.0 = Release|Any CPU
		{45225032-0A5D-441C-9939-D2D36DA7A4C0}.Debug|Any CPU.ActiveCfg = Debug|Any CPU
		{45225032-0A5D-441C-9939-D2D36DA7A4C0}.Debug|Any CPU.Build.0 = Debug|Any CPU
		{45225032-0A5D-441C-9939-D2D36DA7A4C0}.Release|Any CPU.ActiveCfg = Release|Any CPU
		{45225032-0A5D-441C-9939-D2D36DA7A4C0}.Release|Any CPU.Build.0 = Release|Any CPU
	EndGlobalSection
	GlobalSection(SolutionProperties) = preSolution
		HideSolutionNode = FALSE
	EndGlobalSection
	GlobalSection(ExtensibilityGlobals) = postSolution
		SolutionGuid = {5D2EE1D1-28DD-46C6-9197-200E1837AE59}
	EndGlobalSection
EndGlobal
