
Microsoft Visual Studio Solution File, Format Version 12.00
# Visual Studio 15
VisualStudioVersion = 15.0.28010.2036
MinimumVisualStudioVersion = 10.0.40219.1
Project("{FAE04EC0-301F-11D3-BF4B-00C04F79EFBC}") = "llKthFromEnd", "llKthFromEnd\llKthFromEnd.csproj", "{1F8570F8-9A76-4FE7-9883-6011013DB695}"
EndProject
Project("{2150E333-8FDC-42A3-9474-1A3956D46DE8}") = "Solution Items", "Solution Items", "{47F572B2-E1E5-4FCB-8C0B-A6E8B307CCB1}"
	ProjectSection(SolutionItems) = preProject
		Readme.md = Readme.md
	EndProjectSection
EndProject
Project("{FAE04EC0-301F-11D3-BF4B-00C04F79EFBC}") = "llKthFromEndTests", "llKthFromEndTests\llKthFromEndTests.csproj", "{480AD997-A4C8-4428-8AED-522CDD824B92}"
EndProject
Global
	GlobalSection(SolutionConfigurationPlatforms) = preSolution
		Debug|Any CPU = Debug|Any CPU
		Release|Any CPU = Release|Any CPU
	EndGlobalSection
	GlobalSection(ProjectConfigurationPlatforms) = postSolution
		{1F8570F8-9A76-4FE7-9883-6011013DB695}.Debug|Any CPU.ActiveCfg = Debug|Any CPU
		{1F8570F8-9A76-4FE7-9883-6011013DB695}.Debug|Any CPU.Build.0 = Debug|Any CPU
		{1F8570F8-9A76-4FE7-9883-6011013DB695}.Release|Any CPU.ActiveCfg = Release|Any CPU
		{1F8570F8-9A76-4FE7-9883-6011013DB695}.Release|Any CPU.Build.0 = Release|Any CPU
		{480AD997-A4C8-4428-8AED-522CDD824B92}.Debug|Any CPU.ActiveCfg = Debug|Any CPU
		{480AD997-A4C8-4428-8AED-522CDD824B92}.Debug|Any CPU.Build.0 = Debug|Any CPU
		{480AD997-A4C8-4428-8AED-522CDD824B92}.Release|Any CPU.ActiveCfg = Release|Any CPU
		{480AD997-A4C8-4428-8AED-522CDD824B92}.Release|Any CPU.Build.0 = Release|Any CPU
	EndGlobalSection
	GlobalSection(SolutionProperties) = preSolution
		HideSolutionNode = FALSE
	EndGlobalSection
	GlobalSection(ExtensibilityGlobals) = postSolution
		SolutionGuid = {4294E4B4-8FE2-45D9-B981-2352AFEFB033}
	EndGlobalSection
EndGlobal
