
Microsoft Visual Studio Solution File, Format Version 12.00
# Visual Studio 15
VisualStudioVersion = 15.0.28010.2036
MinimumVisualStudioVersion = 10.0.40219.1
Project("{FAE04EC0-301F-11D3-BF4B-00C04F79EFBC}") = "arrayBinarySearch", "arrayBinarySearch\arrayBinarySearch.csproj", "{C4595154-0145-4F2E-A143-3695270AF77E}"
EndProject
Global
	GlobalSection(SolutionConfigurationPlatforms) = preSolution
		Debug|Any CPU = Debug|Any CPU
		Release|Any CPU = Release|Any CPU
	EndGlobalSection
	GlobalSection(ProjectConfigurationPlatforms) = postSolution
		{C4595154-0145-4F2E-A143-3695270AF77E}.Debug|Any CPU.ActiveCfg = Debug|Any CPU
		{C4595154-0145-4F2E-A143-3695270AF77E}.Debug|Any CPU.Build.0 = Debug|Any CPU
		{C4595154-0145-4F2E-A143-3695270AF77E}.Release|Any CPU.ActiveCfg = Release|Any CPU
		{C4595154-0145-4F2E-A143-3695270AF77E}.Release|Any CPU.Build.0 = Release|Any CPU
	EndGlobalSection
	GlobalSection(SolutionProperties) = preSolution
		HideSolutionNode = FALSE
	EndGlobalSection
	GlobalSection(ExtensibilityGlobals) = postSolution
		SolutionGuid = {1A5CAE2C-D073-434D-9E52-2ED403E2A4C5}
	EndGlobalSection
EndGlobal
