
Microsoft Visual Studio Solution File, Format Version 12.00
# Visual Studio 15
VisualStudioVersion = 15.0.28010.2036
MinimumVisualStudioVersion = 10.0.40219.1
Project("{FAE04EC0-301F-11D3-BF4B-00C04F79EFBC}") = "MergeLL", "MergeLL\MergeLL.csproj", "{82471FF3-D83D-4DBB-93FB-E66827A88578}"
EndProject
Project("{FAE04EC0-301F-11D3-BF4B-00C04F79EFBC}") = "MergeLLTests", "MergeLLTests\MergeLLTests.csproj", "{1E2A3260-B45B-437E-B992-F14B7A157CDE}"
EndProject
Project("{2150E333-8FDC-42A3-9474-1A3956D46DE8}") = "Solution Items", "Solution Items", "{AFC33679-3CB9-43DC-A730-65589A485136}"
	ProjectSection(SolutionItems) = preProject
		Readme.md = Readme.md
	EndProjectSection
EndProject
Global
	GlobalSection(SolutionConfigurationPlatforms) = preSolution
		Debug|Any CPU = Debug|Any CPU
		Release|Any CPU = Release|Any CPU
	EndGlobalSection
	GlobalSection(ProjectConfigurationPlatforms) = postSolution
		{82471FF3-D83D-4DBB-93FB-E66827A88578}.Debug|Any CPU.ActiveCfg = Debug|Any CPU
		{82471FF3-D83D-4DBB-93FB-E66827A88578}.Debug|Any CPU.Build.0 = Debug|Any CPU
		{82471FF3-D83D-4DBB-93FB-E66827A88578}.Release|Any CPU.ActiveCfg = Release|Any CPU
		{82471FF3-D83D-4DBB-93FB-E66827A88578}.Release|Any CPU.Build.0 = Release|Any CPU
		{1E2A3260-B45B-437E-B992-F14B7A157CDE}.Debug|Any CPU.ActiveCfg = Debug|Any CPU
		{1E2A3260-B45B-437E-B992-F14B7A157CDE}.Debug|Any CPU.Build.0 = Debug|Any CPU
		{1E2A3260-B45B-437E-B992-F14B7A157CDE}.Release|Any CPU.ActiveCfg = Release|Any CPU
		{1E2A3260-B45B-437E-B992-F14B7A157CDE}.Release|Any CPU.Build.0 = Release|Any CPU
	EndGlobalSection
	GlobalSection(SolutionProperties) = preSolution
		HideSolutionNode = FALSE
	EndGlobalSection
	GlobalSection(ExtensibilityGlobals) = postSolution
		SolutionGuid = {85B8DF44-94DD-40C8-9E35-81E433C0C08B}
	EndGlobalSection
EndGlobal
