
Microsoft Visual Studio Solution File, Format Version 12.00
# Visual Studio 15
VisualStudioVersion = 15.0.28010.2036
MinimumVisualStudioVersion = 10.0.40219.1
Project("{FAE04EC0-301F-11D3-BF4B-00C04F79EFBC}") = "findMaxValueTree", "findMaxValueTree\findMaxValueTree.csproj", "{91AB6EE6-9F30-4694-A7F5-21E3C3401C87}"
EndProject
Project("{FAE04EC0-301F-11D3-BF4B-00C04F79EFBC}") = "findMaxValueTreeTests", "findMaxValueTreeTests\findMaxValueTreeTests.csproj", "{2B080DFB-CD65-414B-91B4-9D1AB8A54A1F}"
EndProject
Project("{2150E333-8FDC-42A3-9474-1A3956D46DE8}") = "Solution Items", "Solution Items", "{AA0AED89-7575-4046-A611-3941F8C885C4}"
	ProjectSection(SolutionItems) = preProject
		Readme.md = Readme.md
	EndProjectSection
EndProject
Global
	GlobalSection(SolutionConfigurationPlatforms) = preSolution
		Debug|Any CPU = Debug|Any CPU
		Release|Any CPU = Release|Any CPU
	EndGlobalSection
	GlobalSection(ProjectConfigurationPlatforms) = postSolution
		{91AB6EE6-9F30-4694-A7F5-21E3C3401C87}.Debug|Any CPU.ActiveCfg = Debug|Any CPU
		{91AB6EE6-9F30-4694-A7F5-21E3C3401C87}.Debug|Any CPU.Build.0 = Debug|Any CPU
		{91AB6EE6-9F30-4694-A7F5-21E3C3401C87}.Release|Any CPU.ActiveCfg = Release|Any CPU
		{91AB6EE6-9F30-4694-A7F5-21E3C3401C87}.Release|Any CPU.Build.0 = Release|Any CPU
		{2B080DFB-CD65-414B-91B4-9D1AB8A54A1F}.Debug|Any CPU.ActiveCfg = Debug|Any CPU
		{2B080DFB-CD65-414B-91B4-9D1AB8A54A1F}.Debug|Any CPU.Build.0 = Debug|Any CPU
		{2B080DFB-CD65-414B-91B4-9D1AB8A54A1F}.Release|Any CPU.ActiveCfg = Release|Any CPU
		{2B080DFB-CD65-414B-91B4-9D1AB8A54A1F}.Release|Any CPU.Build.0 = Release|Any CPU
	EndGlobalSection
	GlobalSection(SolutionProperties) = preSolution
		HideSolutionNode = FALSE
	EndGlobalSection
	GlobalSection(ExtensibilityGlobals) = postSolution
		SolutionGuid = {6AF6189C-3ABC-49F5-8DCE-7F9FF18EBB3A}
	EndGlobalSection
EndGlobal
