
Microsoft Visual Studio Solution File, Format Version 12.00
# Visual Studio 15
VisualStudioVersion = 15.0.28010.2036
MinimumVisualStudioVersion = 10.0.40219.1
Project("{FAE04EC0-301F-11D3-BF4B-00C04F79EFBC}") = "Tree", "Tree\Tree.csproj", "{63C89896-AB17-41DB-805B-936954205B46}"
EndProject
Project("{2150E333-8FDC-42A3-9474-1A3956D46DE8}") = "Solution Items", "Solution Items", "{931593BF-65D5-4B29-816A-2F9600BFEDD1}"
	ProjectSection(SolutionItems) = preProject
		Readme.md = Readme.md
	EndProjectSection
EndProject
Project("{FAE04EC0-301F-11D3-BF4B-00C04F79EFBC}") = "TreeTests", "TreeTests\TreeTests.csproj", "{EFB9F130-DE17-4255-A82B-82C1BD7CFBAC}"
EndProject
Global
	GlobalSection(SolutionConfigurationPlatforms) = preSolution
		Debug|Any CPU = Debug|Any CPU
		Release|Any CPU = Release|Any CPU
	EndGlobalSection
	GlobalSection(ProjectConfigurationPlatforms) = postSolution
		{63C89896-AB17-41DB-805B-936954205B46}.Debug|Any CPU.ActiveCfg = Debug|Any CPU
		{63C89896-AB17-41DB-805B-936954205B46}.Debug|Any CPU.Build.0 = Debug|Any CPU
		{63C89896-AB17-41DB-805B-936954205B46}.Release|Any CPU.ActiveCfg = Release|Any CPU
		{63C89896-AB17-41DB-805B-936954205B46}.Release|Any CPU.Build.0 = Release|Any CPU
		{EFB9F130-DE17-4255-A82B-82C1BD7CFBAC}.Debug|Any CPU.ActiveCfg = Debug|Any CPU
		{EFB9F130-DE17-4255-A82B-82C1BD7CFBAC}.Debug|Any CPU.Build.0 = Debug|Any CPU
		{EFB9F130-DE17-4255-A82B-82C1BD7CFBAC}.Release|Any CPU.ActiveCfg = Release|Any CPU
		{EFB9F130-DE17-4255-A82B-82C1BD7CFBAC}.Release|Any CPU.Build.0 = Release|Any CPU
	EndGlobalSection
	GlobalSection(SolutionProperties) = preSolution
		HideSolutionNode = FALSE
	EndGlobalSection
	GlobalSection(ExtensibilityGlobals) = postSolution
		SolutionGuid = {B5437ED6-A5B1-4BA1-8F1F-775B9D7E1625}
	EndGlobalSection
EndGlobal
